{
  "version": 4,
  "terraform_version": "1.10.3",
  "serial": 12,
  "lineage": "7b6805bf-a790-c1ac-31b4-6350fa39fa56",
  "outputs": {
    "container_name": {
      "value": "terraforncaa",
      "type": "string"
    },
    "resource_group_name": {
      "value": "ncaagamehighterraform",
      "type": "string"
    },
    "storage_account_name": {
      "value": "terraformstorencaa",
      "type": "string"
    },
    "storage_account_primary_key": {
      "value": "NhfJEbuE4uzrugkgR8Ug+WhNWW3cK53ZJSgJMdcRGWfhYGDR11OuYvMBciR91d5nRZ4ms1toIKJ7+ASt36fEUQ==",
      "type": "string",
      "sensitive": true
    }
  },
  "resources": [
    {
      "mode": "managed",
      "type": "azurerm_resource_group",
      "name": "rg",
      "provider": "provider[\"registry.terraform.io/hashicorp/azurerm\"]",
      "instances": [
        {
          "schema_version": 0,
          "attributes": {
            "id": "/subscriptions/4169241c-37e3-4b73-ab67-85406cbbde4f/resourceGroups/ncaagamehighterraform",
            "location": "eastus2",
            "managed_by": "",
            "name": "ncaagamehighterraform",
            "tags": {},
            "timeouts": null
          },
          "sensitive_attributes": [],
          "private": "eyJlMmJmYjczMC1lY2FhLTExZTYtOGY4OC0zNDM2M2JjN2M0YzAiOnsiY3JlYXRlIjo1NDAwMDAwMDAwMDAwLCJkZWxldGUiOjU0MDAwMDAwMDAwMDAsInJlYWQiOjMwMDAwMDAwMDAwMCwidXBkYXRlIjo1NDAwMDAwMDAwMDAwfSwic2NoZW1hX3ZlcnNpb24iOiIwIn0="
        }
      ]
    },
    {
      "mode": "managed",
      "type": "azurerm_storage_account",
      "name": "storage",
      "provider": "provider[\"registry.terraform.io/hashicorp/azurerm\"]",
      "instances": [
        {
          "schema_version": 4,
          "attributes": {
            "access_tier": "Hot",
            "account_kind": "StorageV2",
            "account_replication_type": "LRS",
            "account_tier": "Standard",
            "allow_nested_items_to_be_public": true,
            "allowed_copy_scope": "",
            "azure_files_authentication": [],
            "blob_properties": [
              {
                "change_feed_enabled": false,
                "change_feed_retention_in_days": 0,
                "container_delete_retention_policy": [
                  {
                    "days": 7
                  }
                ],
                "cors_rule": [],
                "default_service_version": "",
                "delete_retention_policy": [
                  {
                    "days": 7,
                    "permanent_delete_enabled": false
                  }
                ],
                "last_access_time_enabled": false,
                "restore_policy": [],
                "versioning_enabled": false
              }
            ],
            "cross_tenant_replication_enabled": false,
            "custom_domain": [],
            "customer_managed_key": [],
            "default_to_oauth_authentication": false,
            "dns_endpoint_type": "Standard",
            "edge_zone": "",
            "https_traffic_only_enabled": true,
            "id": "/subscriptions/4169241c-37e3-4b73-ab67-85406cbbde4f/resourceGroups/ncaagamehighterraform/providers/Microsoft.Storage/storageAccounts/terraformstorencaa",
            "identity": [],
            "immutability_policy": [],
            "infrastructure_encryption_enabled": false,
            "is_hns_enabled": false,
            "large_file_share_enabled": true,
            "local_user_enabled": true,
            "location": "eastus2",
            "min_tls_version": "TLS1_2",
            "name": "terraformstorencaa",
            "network_rules": [],
            "nfsv3_enabled": false,
            "primary_access_key": "NhfJEbuE4uzrugkgR8Ug+WhNWW3cK53ZJSgJMdcRGWfhYGDR11OuYvMBciR91d5nRZ4ms1toIKJ7+ASt36fEUQ==",
            "primary_blob_connection_string": "DefaultEndpointsProtocol=https;BlobEndpoint=https://terraformstorencaa.blob.core.windows.net/;AccountName=terraformstorencaa;AccountKey=NhfJEbuE4uzrugkgR8Ug+WhNWW3cK53ZJSgJMdcRGWfhYGDR11OuYvMBciR91d5nRZ4ms1toIKJ7+ASt36fEUQ==",
            "primary_blob_endpoint": "https://terraformstorencaa.blob.core.windows.net/",
            "primary_blob_host": "terraformstorencaa.blob.core.windows.net",
            "primary_blob_internet_endpoint": "",
            "primary_blob_internet_host": "",
            "primary_blob_microsoft_endpoint": "",
            "primary_blob_microsoft_host": "",
            "primary_connection_string": "DefaultEndpointsProtocol=https;AccountName=terraformstorencaa;AccountKey=NhfJEbuE4uzrugkgR8Ug+WhNWW3cK53ZJSgJMdcRGWfhYGDR11OuYvMBciR91d5nRZ4ms1toIKJ7+ASt36fEUQ==;EndpointSuffix=core.windows.net",
            "primary_dfs_endpoint": "https://terraformstorencaa.dfs.core.windows.net/",
            "primary_dfs_host": "terraformstorencaa.dfs.core.windows.net",
            "primary_dfs_internet_endpoint": "",
            "primary_dfs_internet_host": "",
            "primary_dfs_microsoft_endpoint": "",
            "primary_dfs_microsoft_host": "",
            "primary_file_endpoint": "https://terraformstorencaa.file.core.windows.net/",
            "primary_file_host": "terraformstorencaa.file.core.windows.net",
            "primary_file_internet_endpoint": "",
            "primary_file_internet_host": "",
            "primary_file_microsoft_endpoint": "",
            "primary_file_microsoft_host": "",
            "primary_location": "eastus2",
            "primary_queue_endpoint": "https://terraformstorencaa.queue.core.windows.net/",
            "primary_queue_host": "terraformstorencaa.queue.core.windows.net",
            "primary_queue_microsoft_endpoint": "",
            "primary_queue_microsoft_host": "",
            "primary_table_endpoint": "https://terraformstorencaa.table.core.windows.net/",
            "primary_table_host": "terraformstorencaa.table.core.windows.net",
            "primary_table_microsoft_endpoint": "",
            "primary_table_microsoft_host": "",
            "primary_web_endpoint": "https://terraformstorencaa.z20.web.core.windows.net/",
            "primary_web_host": "terraformstorencaa.z20.web.core.windows.net",
            "primary_web_internet_endpoint": "",
            "primary_web_internet_host": "",
            "primary_web_microsoft_endpoint": "",
            "primary_web_microsoft_host": "",
            "public_network_access_enabled": true,
            "queue_encryption_key_type": "Service",
            "queue_properties": [
              {
                "cors_rule": [],
                "hour_metrics": [
                  {
                    "enabled": false,
                    "include_apis": false,
                    "retention_policy_days": 0,
                    "version": "1.0"
                  }
                ],
                "logging": [
                  {
                    "delete": false,
                    "read": false,
                    "retention_policy_days": 0,
                    "version": "1.0",
                    "write": false
                  }
                ],
                "minute_metrics": [
                  {
                    "enabled": false,
                    "include_apis": false,
                    "retention_policy_days": 0,
                    "version": "1.0"
                  }
                ]
              }
            ],
            "resource_group_name": "ncaagamehighterraform",
            "routing": [],
            "sas_policy": [],
            "secondary_access_key": "UcGk+FQ1u4FdOkyw/if4m+w5rC3Cq9Hq4YNNIZFvH70zuHZndllghg998fkvFMM4eR0nn+SAzp7U+AStGvuuFg==",
            "secondary_blob_connection_string": "",
            "secondary_blob_endpoint": "",
            "secondary_blob_host": "",
            "secondary_blob_internet_endpoint": "",
            "secondary_blob_internet_host": "",
            "secondary_blob_microsoft_endpoint": "",
            "secondary_blob_microsoft_host": "",
            "secondary_connection_string": "DefaultEndpointsProtocol=https;AccountName=terraformstorencaa;AccountKey=UcGk+FQ1u4FdOkyw/if4m+w5rC3Cq9Hq4YNNIZFvH70zuHZndllghg998fkvFMM4eR0nn+SAzp7U+AStGvuuFg==;EndpointSuffix=core.windows.net",
            "secondary_dfs_endpoint": "",
            "secondary_dfs_host": "",
            "secondary_dfs_internet_endpoint": "",
            "secondary_dfs_internet_host": "",
            "secondary_dfs_microsoft_endpoint": "",
            "secondary_dfs_microsoft_host": "",
            "secondary_file_endpoint": "",
            "secondary_file_host": "",
            "secondary_file_internet_endpoint": "",
            "secondary_file_internet_host": "",
            "secondary_file_microsoft_endpoint": "",
            "secondary_file_microsoft_host": "",
            "secondary_location": "",
            "secondary_queue_endpoint": "",
            "secondary_queue_host": "",
            "secondary_queue_microsoft_endpoint": "",
            "secondary_queue_microsoft_host": "",
            "secondary_table_endpoint": "",
            "secondary_table_host": "",
            "secondary_table_microsoft_endpoint": "",
            "secondary_table_microsoft_host": "",
            "secondary_web_endpoint": "",
            "secondary_web_host": "",
            "secondary_web_internet_endpoint": "",
            "secondary_web_internet_host": "",
            "secondary_web_microsoft_endpoint": "",
            "secondary_web_microsoft_host": "",
            "sftp_enabled": false,
            "share_properties": [
              {
                "cors_rule": [],
                "retention_policy": [
                  {
                    "days": 7
                  }
                ],
                "smb": []
              }
            ],
            "shared_access_key_enabled": true,
            "static_website": [],
            "table_encryption_key_type": "Service",
            "tags": {
              "environment": "dev"
            },
            "timeouts": null
          },
          "sensitive_attributes": [
            [
              {
                "type": "get_attr",
                "value": "primary_access_key"
              }
            ],
            [
              {
                "type": "get_attr",
                "value": "secondary_access_key"
              }
            ],
            [
              {
                "type": "get_attr",
                "value": "primary_blob_connection_string"
              }
            ],
            [
              {
                "type": "get_attr",
                "value": "primary_connection_string"
              }
            ],
            [
              {
                "type": "get_attr",
                "value": "secondary_blob_connection_string"
              }
            ],
            [
              {
                "type": "get_attr",
                "value": "secondary_connection_string"
              }
            ]
          ],
          "private": "eyJlMmJmYjczMC1lY2FhLTExZTYtOGY4OC0zNDM2M2JjN2M0YzAiOnsiY3JlYXRlIjozNjAwMDAwMDAwMDAwLCJkZWxldGUiOjM2MDAwMDAwMDAwMDAsInJlYWQiOjMwMDAwMDAwMDAwMCwidXBkYXRlIjozNjAwMDAwMDAwMDAwfSwic2NoZW1hX3ZlcnNpb24iOiI0In0=",
          "dependencies": [
            "azurerm_resource_group.rg"
          ]
        }
      ]
    },
    {
      "mode": "managed",
      "type": "azurerm_storage_container",
      "name": "container",
      "provider": "provider[\"registry.terraform.io/hashicorp/azurerm\"]",
      "instances": [
        {
          "schema_version": 1,
          "attributes": {
            "container_access_type": "private",
            "default_encryption_scope": "$account-encryption-key",
            "encryption_scope_override_enabled": true,
            "has_immutability_policy": false,
            "has_legal_hold": false,
            "id": "/subscriptions/4169241c-37e3-4b73-ab67-85406cbbde4f/resourceGroups/ncaagamehighterraform/providers/Microsoft.Storage/storageAccounts/terraformstorencaa/blobServices/default/containers/terraforncaa",
            "metadata": {},
            "name": "terraforncaa",
            "resource_manager_id": "/subscriptions/4169241c-37e3-4b73-ab67-85406cbbde4f/resourceGroups/ncaagamehighterraform/providers/Microsoft.Storage/storageAccounts/terraformstorencaa/blobServices/default/containers/terraforncaa",
            "storage_account_id": "/subscriptions/4169241c-37e3-4b73-ab67-85406cbbde4f/resourceGroups/ncaagamehighterraform/providers/Microsoft.Storage/storageAccounts/terraformstorencaa",
            "storage_account_name": "",
            "timeouts": null
          },
          "sensitive_attributes": [],
          "private": "eyJlMmJmYjczMC1lY2FhLTExZTYtOGY4OC0zNDM2M2JjN2M0YzAiOnsiY3JlYXRlIjoxODAwMDAwMDAwMDAwLCJkZWxldGUiOjE4MDAwMDAwMDAwMDAsInJlYWQiOjMwMDAwMDAwMDAwMCwidXBkYXRlIjoxODAwMDAwMDAwMDAwfSwic2NoZW1hX3ZlcnNpb24iOiIxIn0=",
          "dependencies": [
            "azurerm_resource_group.rg",
            "azurerm_storage_account.storage"
          ]
        }
      ]
    }
  ],
  "check_results": null
}
